
Microsoft Visual Studio Solution File, Format Version 12.00
# Visual Studio Version 17
VisualStudioVersion = 17.3.32929.385
MinimumVisualStudioVersion = 10.0.40219.1
Project("{FAE04EC0-301F-11D3-BF4B-00C04F79EFBC}") = "Music Scales Study Companion", "Music Scales Study Companion.csproj", "{8686C7C9-75F3-4B92-B983-F849C7154D01}"
EndProject
Global
	GlobalSection(SolutionConfigurationPlatforms) = preSolution
		Debug|Any CPU = Debug|Any CPU
		Release|Any CPU = Release|Any CPU
	EndGlobalSection
	GlobalSection(ProjectConfigurationPlatforms) = postSolution
		{8686C7C9-75F3-4B92-B983-F849C7154D01}.Debug|Any CPU.ActiveCfg = Debug|Any CPU
		{8686C7C9-75F3-4B92-B983-F849C7154D01}.Debug|Any CPU.Build.0 = Debug|Any CPU
		{8686C7C9-75F3-4B92-B983-F849C7154D01}.Release|Any CPU.ActiveCfg = Release|Any CPU
		{8686C7C9-75F3-4B92-B983-F849C7154D01}.Release|Any CPU.Build.0 = Release|Any CPU
	EndGlobalSection
	GlobalSection(SolutionProperties) = preSolution
		HideSolutionNode = FALSE
	EndGlobalSection
	GlobalSection(ExtensibilityGlobals) = postSolution
		SolutionGuid = {6CDF31E4-5573-4880-955B-9B4B67A3ED61}
	EndGlobalSection
EndGlobal
